
Microsoft Visual Studio Solution File, Format Version 12.00
# Visual Studio 15
VisualStudioVersion = 15.0.28307.421
MinimumVisualStudioVersion = 10.0.40219.1
Project("{FAE04EC0-301F-11D3-BF4B-00C04F79EFBC}") = "VisionRioUploadWebTool", "VisionRioUploadWebTool\VisionRioUploadWebTool.csproj", "{1EA7DB14-B091-4831-9993-0253B341CEFB}"
EndProject
Project("{FAE04EC0-301F-11D3-BF4B-00C04F79EFBC}") = "VisionRioUploadWebTool.Tests", "VisionRioUploadWebTool.Tests\VisionRioUploadWebTool.Tests.csproj", "{868CF08E-FD43-4FB2-AB21-75D7BBB90621}"
EndProject
Global
	GlobalSection(SolutionConfigurationPlatforms) = preSolution
		Debug|Any CPU = Debug|Any CPU
		Release|Any CPU = Release|Any CPU
	EndGlobalSection
	GlobalSection(ProjectConfigurationPlatforms) = postSolution
		{1EA7DB14-B091-4831-9993-0253B341CEFB}.Debug|Any CPU.ActiveCfg = Debug|Any CPU
		{1EA7DB14-B091-4831-9993-0253B341CEFB}.Debug|Any CPU.Build.0 = Debug|Any CPU
		{1EA7DB14-B091-4831-9993-0253B341CEFB}.Release|Any CPU.ActiveCfg = Release|Any CPU
		{1EA7DB14-B091-4831-9993-0253B341CEFB}.Release|Any CPU.Build.0 = Release|Any CPU
		{868CF08E-FD43-4FB2-AB21-75D7BBB90621}.Debug|Any CPU.ActiveCfg = Debug|Any CPU
		{868CF08E-FD43-4FB2-AB21-75D7BBB90621}.Debug|Any CPU.Build.0 = Debug|Any CPU
		{868CF08E-FD43-4FB2-AB21-75D7BBB90621}.Release|Any CPU.ActiveCfg = Release|Any CPU
		{868CF08E-FD43-4FB2-AB21-75D7BBB90621}.Release|Any CPU.Build.0 = Release|Any CPU
	EndGlobalSection
	GlobalSection(SolutionProperties) = preSolution
		HideSolutionNode = FALSE
	EndGlobalSection
	GlobalSection(ExtensibilityGlobals) = postSolution
		SolutionGuid = {4AD20377-9412-4A20-B395-EBC3A7323B17}
	EndGlobalSection
EndGlobal
